
Microsoft Visual Studio Solution File, Format Version 11.00
# Visual C# Express 2010
Project("{FAE04EC0-301F-11D3-BF4B-00C04F79EFBC}") = "WFshadBinImpulse", "WFshadBinImpulse\WFshadBinImpulse.csproj", "{3CD30B9F-8EF1-4DEC-B94A-8800ED5B1EB3}"
EndProject
Global
	GlobalSection(SolutionConfigurationPlatforms) = preSolution
		Debug|x86 = Debug|x86
		Release|x86 = Release|x86
	EndGlobalSection
	GlobalSection(ProjectConfigurationPlatforms) = postSolution
		{3CD30B9F-8EF1-4DEC-B94A-8800ED5B1EB3}.Debug|x86.ActiveCfg = Debug|x86
		{3CD30B9F-8EF1-4DEC-B94A-8800ED5B1EB3}.Debug|x86.Build.0 = Debug|x86
		{3CD30B9F-8EF1-4DEC-B94A-8800ED5B1EB3}.Release|x86.ActiveCfg = Release|x86
		{3CD30B9F-8EF1-4DEC-B94A-8800ED5B1EB3}.Release|x86.Build.0 = Release|x86
	EndGlobalSection
	GlobalSection(SolutionProperties) = preSolution
		HideSolutionNode = FALSE
	EndGlobalSection
EndGlobal
