
Microsoft Visual Studio Solution File, Format Version 11.00
# Visual C# Express 2010
Project("{FAE04EC0-301F-11D3-BF4B-00C04F79EFBC}") = "WFshadingBin", "WFshadingBin\WFshadingBin.csproj", "{FBCE54F6-4A99-4E27-9581-D3CA7C643FA0}"
EndProject
Global
	GlobalSection(SolutionConfigurationPlatforms) = preSolution
		Debug|x86 = Debug|x86
		Release|x86 = Release|x86
	EndGlobalSection
	GlobalSection(ProjectConfigurationPlatforms) = postSolution
		{FBCE54F6-4A99-4E27-9581-D3CA7C643FA0}.Debug|x86.ActiveCfg = Debug|x86
		{FBCE54F6-4A99-4E27-9581-D3CA7C643FA0}.Debug|x86.Build.0 = Debug|x86
		{FBCE54F6-4A99-4E27-9581-D3CA7C643FA0}.Release|x86.ActiveCfg = Release|x86
		{FBCE54F6-4A99-4E27-9581-D3CA7C643FA0}.Release|x86.Build.0 = Release|x86
	EndGlobalSection
	GlobalSection(SolutionProperties) = preSolution
		HideSolutionNode = FALSE
	EndGlobalSection
EndGlobal
